
Microsoft Visual Studio Solution File, Format Version 12.00
# Visual Studio Version 17
VisualStudioVersion = 17.4.33213.308
MinimumVisualStudioVersion = 10.0.40219.1
Project("{FAE04EC0-301F-11D3-BF4B-00C04F79EFBC}") = "FileService", "FileService\FileService.csproj", "{67C5E461-9EA4-49E8-BE19-F5A4855B92AA}"
EndProject
Global
	GlobalSection(SolutionConfigurationPlatforms) = preSolution
		Debug|Any CPU = Debug|Any CPU
		Release|Any CPU = Release|Any CPU
	EndGlobalSection
	GlobalSection(ProjectConfigurationPlatforms) = postSolution
		{67C5E461-9EA4-49E8-BE19-F5A4855B92AA}.Debug|Any CPU.ActiveCfg = Debug|Any CPU
		{67C5E461-9EA4-49E8-BE19-F5A4855B92AA}.Debug|Any CPU.Build.0 = Debug|Any CPU
		{67C5E461-9EA4-49E8-BE19-F5A4855B92AA}.Release|Any CPU.ActiveCfg = Release|Any CPU
		{67C5E461-9EA4-49E8-BE19-F5A4855B92AA}.Release|Any CPU.Build.0 = Release|Any CPU
	EndGlobalSection
	GlobalSection(SolutionProperties) = preSolution
		HideSolutionNode = FALSE
	EndGlobalSection
	GlobalSection(ExtensibilityGlobals) = postSolution
		SolutionGuid = {0E3580C3-FF77-4951-9CDA-F5EB0FD4E880}
	EndGlobalSection
EndGlobal
